
Microsoft Visual Studio Solution File, Format Version 12.00
# Visual Studio Version 17
VisualStudioVersion = 17.0.32112.339
MinimumVisualStudioVersion = 10.0.40219.1
Project("{FAE04EC0-301F-11D3-BF4B-00C04F79EFBC}") = "RezeptToPDF", "RezeptToPDF.csproj", "{34BB2EEF-4F17-4FBD-90CD-395859EFB949}"
EndProject
Project("{FAE04EC0-301F-11D3-BF4B-00C04F79EFBC}") = "PdfSharp", "PdfSharp\PdfSharp.csproj", "{5A6055BC-BF86-4FDD-9F62-0109DB7A303B}"
EndProject
Global
	GlobalSection(SolutionConfigurationPlatforms) = preSolution
		Debug|Any CPU = Debug|Any CPU
		Release|Any CPU = Release|Any CPU
	EndGlobalSection
	GlobalSection(ProjectConfigurationPlatforms) = postSolution
		{34BB2EEF-4F17-4FBD-90CD-395859EFB949}.Debug|Any CPU.ActiveCfg = Debug|Any CPU
		{34BB2EEF-4F17-4FBD-90CD-395859EFB949}.Debug|Any CPU.Build.0 = Debug|Any CPU
		{34BB2EEF-4F17-4FBD-90CD-395859EFB949}.Release|Any CPU.ActiveCfg = Release|Any CPU
		{34BB2EEF-4F17-4FBD-90CD-395859EFB949}.Release|Any CPU.Build.0 = Release|Any CPU
		{5A6055BC-BF86-4FDD-9F62-0109DB7A303B}.Debug|Any CPU.ActiveCfg = Debug|Any CPU
		{5A6055BC-BF86-4FDD-9F62-0109DB7A303B}.Debug|Any CPU.Build.0 = Debug|Any CPU
		{5A6055BC-BF86-4FDD-9F62-0109DB7A303B}.Release|Any CPU.ActiveCfg = Release|Any CPU
		{5A6055BC-BF86-4FDD-9F62-0109DB7A303B}.Release|Any CPU.Build.0 = Release|Any CPU
	EndGlobalSection
	GlobalSection(SolutionProperties) = preSolution
		HideSolutionNode = FALSE
	EndGlobalSection
	GlobalSection(ExtensibilityGlobals) = postSolution
		SolutionGuid = {BB1D0385-7480-48D3-90DF-998074A08195}
	EndGlobalSection
EndGlobal
